
Microsoft Visual Studio Solution File, Format Version 12.00
# Visual Studio Version 16
VisualStudioVersion = 16.0.30320.27
MinimumVisualStudioVersion = 10.0.40219.1
Project("{8BC9CEB8-8B4A-11D0-8D11-00A0C91BC942}") = "直方图", "直方图.vcxproj", "{B00BF523-96B6-4483-89C0-B30A1A9D844E}"
EndProject
Global
	GlobalSection(SolutionConfigurationPlatforms) = preSolution
		Debug|x64 = Debug|x64
		Debug|x86 = Debug|x86
		Release|x64 = Release|x64
		Release|x86 = Release|x86
	EndGlobalSection
	GlobalSection(ProjectConfigurationPlatforms) = postSolution
		{B00BF523-96B6-4483-89C0-B30A1A9D844E}.Debug|x64.ActiveCfg = Debug|x64
		{B00BF523-96B6-4483-89C0-B30A1A9D844E}.Debug|x64.Build.0 = Debug|x64
		{B00BF523-96B6-4483-89C0-B30A1A9D844E}.Debug|x86.ActiveCfg = Debug|Win32
		{B00BF523-96B6-4483-89C0-B30A1A9D844E}.Debug|x86.Build.0 = Debug|Win32
		{B00BF523-96B6-4483-89C0-B30A1A9D844E}.Release|x64.ActiveCfg = Release|x64
		{B00BF523-96B6-4483-89C0-B30A1A9D844E}.Release|x64.Build.0 = Release|x64
		{B00BF523-96B6-4483-89C0-B30A1A9D844E}.Release|x86.ActiveCfg = Release|Win32
		{B00BF523-96B6-4483-89C0-B30A1A9D844E}.Release|x86.Build.0 = Release|Win32
	EndGlobalSection
	GlobalSection(SolutionProperties) = preSolution
		HideSolutionNode = FALSE
	EndGlobalSection
	GlobalSection(ExtensibilityGlobals) = postSolution
		SolutionGuid = {11B04C75-0D14-4FD7-9C6D-C2F7779FEAE6}
	EndGlobalSection
EndGlobal
