
Microsoft Visual Studio Solution File, Format Version 12.00
# Visual Studio Version 16
VisualStudioVersion = 16.0.30320.27
MinimumVisualStudioVersion = 10.0.40219.1
Project("{8BC9CEB8-8B4A-11D0-8D11-00A0C91BC942}") = "opencv模板匹配", "opencv模板匹配.vcxproj", "{DE52FA44-B300-40A7-8235-CC620D26F873}"
EndProject
Global
	GlobalSection(SolutionConfigurationPlatforms) = preSolution
		Debug|x64 = Debug|x64
		Debug|x86 = Debug|x86
		Release|x64 = Release|x64
		Release|x86 = Release|x86
	EndGlobalSection
	GlobalSection(ProjectConfigurationPlatforms) = postSolution
		{DE52FA44-B300-40A7-8235-CC620D26F873}.Debug|x64.ActiveCfg = Debug|x64
		{DE52FA44-B300-40A7-8235-CC620D26F873}.Debug|x64.Build.0 = Debug|x64
		{DE52FA44-B300-40A7-8235-CC620D26F873}.Debug|x86.ActiveCfg = Debug|Win32
		{DE52FA44-B300-40A7-8235-CC620D26F873}.Debug|x86.Build.0 = Debug|Win32
		{DE52FA44-B300-40A7-8235-CC620D26F873}.Release|x64.ActiveCfg = Release|x64
		{DE52FA44-B300-40A7-8235-CC620D26F873}.Release|x64.Build.0 = Release|x64
		{DE52FA44-B300-40A7-8235-CC620D26F873}.Release|x86.ActiveCfg = Release|Win32
		{DE52FA44-B300-40A7-8235-CC620D26F873}.Release|x86.Build.0 = Release|Win32
	EndGlobalSection
	GlobalSection(SolutionProperties) = preSolution
		HideSolutionNode = FALSE
	EndGlobalSection
	GlobalSection(ExtensibilityGlobals) = postSolution
		SolutionGuid = {EB0C27C5-5D7E-45C7-8FA1-436F155B2528}
	EndGlobalSection
EndGlobal
